
Microsoft Visual Studio Solution File, Format Version 12.00
# Visual Studio Version 17
VisualStudioVersion = 17.11.35327.3
MinimumVisualStudioVersion = 10.0.40219.1
Project("{FAE04EC0-301F-11D3-BF4B-00C04F79EFBC}") = "PROTOTIPOS1", "PROTOTIPOS1\PROTOTIPOS1.csproj", "{44CD48F1-A612-4416-8D39-E801D1CB7A17}"
EndProject
Global
	GlobalSection(SolutionConfigurationPlatforms) = preSolution
		Debug|Any CPU = Debug|Any CPU
		Release|Any CPU = Release|Any CPU
	EndGlobalSection
	GlobalSection(ProjectConfigurationPlatforms) = postSolution
		{44CD48F1-A612-4416-8D39-E801D1CB7A17}.Debug|Any CPU.ActiveCfg = Debug|Any CPU
		{44CD48F1-A612-4416-8D39-E801D1CB7A17}.Debug|Any CPU.Build.0 = Debug|Any CPU
		{44CD48F1-A612-4416-8D39-E801D1CB7A17}.Release|Any CPU.ActiveCfg = Release|Any CPU
		{44CD48F1-A612-4416-8D39-E801D1CB7A17}.Release|Any CPU.Build.0 = Release|Any CPU
	EndGlobalSection
	GlobalSection(SolutionProperties) = preSolution
		HideSolutionNode = FALSE
	EndGlobalSection
	GlobalSection(ExtensibilityGlobals) = postSolution
		SolutionGuid = {6844B75A-BE01-44C4-A932-3AAF11EB549E}
	EndGlobalSection
EndGlobal
